// !$*UTF8*$!
{
	archiveVersion = 1;
	classes = {
	};
	objectVersion = 55;
	objects = {

/* Begin PBXBuildFile section */
		8B98B989150D25B34CB0969F /* Pods_MoodChecker.framework in Frameworks */ = {isa = PBXBuildFile; fileRef = 0CC9D0223390C3824782BEE4 /* Pods_MoodChecker.framework */; };
		9050452727AA086F0076F340 /* AppDelegate.swift in Sources */ = {isa = PBXBuildFile; fileRef = 9050452627AA086F0076F340 /* AppDelegate.swift */; };
		9050452927AA086F0076F340 /* SceneDelegate.swift in Sources */ = {isa = PBXBuildFile; fileRef = 9050452827AA086F0076F340 /* SceneDelegate.swift */; };
		9050452B27AA086F0076F340 /* StartViewController.swift in Sources */ = {isa = PBXBuildFile; fileRef = 9050452A27AA086F0076F340 /* StartViewController.swift */; };
		9050452E27AA086F0076F340 /* Main.storyboard in Resources */ = {isa = PBXBuildFile; fileRef = 9050452C27AA086F0076F340 /* Main.storyboard */; };
		9050453127AA086F0076F340 /* MoodChecker.xcdatamodeld in Sources */ = {isa = PBXBuildFile; fileRef = 9050452F27AA086F0076F340 /* MoodChecker.xcdatamodeld */; };
		9050453327AA08700076F340 /* Assets.xcassets in Resources */ = {isa = PBXBuildFile; fileRef = 9050453227AA08700076F340 /* Assets.xcassets */; };
		9050453627AA08700076F340 /* LaunchScreen.storyboard in Resources */ = {isa = PBXBuildFile; fileRef = 9050453427AA08700076F340 /* LaunchScreen.storyboard */; };
		9076C2FB27AA47C5006EFB44 /* MoodCheckViewController.swift in Sources */ = {isa = PBXBuildFile; fileRef = 9076C2FA27AA47C5006EFB44 /* MoodCheckViewController.swift */; };
		9076C2FD27AA47E7006EFB44 /* GraphViewController.swift in Sources */ = {isa = PBXBuildFile; fileRef = 9076C2FC27AA47E7006EFB44 /* GraphViewController.swift */; };
/* End PBXBuildFile section */

/* Begin PBXFileReference section */
		0CC9D0223390C3824782BEE4 /* Pods_MoodChecker.framework */ = {isa = PBXFileReference; explicitFileType = wrapper.framework; includeInIndex = 0; path = Pods_MoodChecker.framework; sourceTree = BUILT_PRODUCTS_DIR; };
		84C9FAFC01B74869A6E0DD81 /* Pods-MoodChecker.debug.xcconfig */ = {isa = PBXFileReference; includeInIndex = 1; lastKnownFileType = text.xcconfig; name = "Pods-MoodChecker.debug.xcconfig"; path = "Target Support Files/Pods-MoodChecker/Pods-MoodChecker.debug.xcconfig"; sourceTree = "<group>"; };
		87A2669D731677C5021CE179 /* Pods-MoodChecker.release.xcconfig */ = {isa = PBXFileReference; includeInIndex = 1; lastKnownFileType = text.xcconfig; name = "Pods-MoodChecker.release.xcconfig"; path = "Target Support Files/Pods-MoodChecker/Pods-MoodChecker.release.xcconfig"; sourceTree = "<group>"; };
		9050452327AA086F0076F340 /* MoodChecker.app */ = {isa = PBXFileReference; explicitFileType = wrapper.application; includeInIndex = 0; path = MoodChecker.app; sourceTree = BUILT_PRODUCTS_DIR; };
		9050452627AA086F0076F340 /* AppDelegate.swift */ = {isa = PBXFileReference; lastKnownFileType = sourcecode.swift; path = AppDelegate.swift; sourceTree = "<group>"; };
		9050452827AA086F0076F340 /* SceneDelegate.swift */ = {isa = PBXFileReference; lastKnownFileType = sourcecode.swift; path = SceneDelegate.swift; sourceTree = "<group>"; };
		9050452A27AA086F0076F340 /* StartViewController.swift */ = {isa = PBXFileReference; lastKnownFileType = sourcecode.swift; path = StartViewController.swift; sourceTree = "<group>"; };
		9050452D27AA086F0076F340 /* Base */ = {isa = PBXFileReference; lastKnownFileType = file.storyboard; name = Base; path = Base.lproj/Main.storyboard; sourceTree = "<group>"; };
		9050453027AA086F0076F340 /* MoodChecker.xcdatamodel */ = {isa = PBXFileReference; lastKnownFileType = wrapper.xcdatamodel; path = MoodChecker.xcdatamodel; sourceTree = "<group>"; };
		9050453227AA08700076F340 /* Assets.xcassets */ = {isa = PBXFileReference; lastKnownFileType = folder.assetcatalog; path = Assets.xcassets; sourceTree = "<group>"; };
		9050453527AA08700076F340 /* Base */ = {isa = PBXFileReference; lastKnownFileType = file.storyboard; name = Base; path = Base.lproj/LaunchScreen.storyboard; sourceTree = "<group>"; };
		9050453727AA08700076F340 /* Info.plist */ = {isa = PBXFileReference; lastKnownFileType = text.plist.xml; path = Info.plist; sourceTree = "<group>"; };
		9076C2FA27AA47C5006EFB44 /* MoodCheckViewController.swift */ = {isa = PBXFileReference; lastKnownFileType = sourcecode.swift; path = MoodCheckViewController.swift; sourceTree = "<group>"; };
		9076C2FC27AA47E7006EFB44 /* GraphViewController.swift */ = {isa = PBXFileReference; lastKnownFileType = sourcecode.swift; path = GraphViewController.swift; sourceTree = "<group>"; };
/* End PBXFileReference section */

/* Begin PBXFrameworksBuildPhase section */
		9050452027AA086F0076F340 /* Frameworks */ = {
			isa = PBXFrameworksBuildPhase;
			buildActionMask = 2147483647;
			files = (
				8B98B989150D25B34CB0969F /* Pods_MoodChecker.framework in Frameworks */,
			);
			runOnlyForDeploymentPostprocessing = 0;
		};
/* End PBXFrameworksBuildPhase section */

/* Begin PBXGroup section */
		1AA6D882987941DBD2CB9CBD /* Frameworks */ = {
			isa = PBXGroup;
			children = (
				0CC9D0223390C3824782BEE4 /* Pods_MoodChecker.framework */,
			);
			name = Frameworks;
			sourceTree = "<group>";
		};
		30C8019A42FDCE819092A2E7 /* Pods */ = {
			isa = PBXGroup;
			children = (
				84C9FAFC01B74869A6E0DD81 /* Pods-MoodChecker.debug.xcconfig */,
				87A2669D731677C5021CE179 /* Pods-MoodChecker.release.xcconfig */,
			);
			name = Pods;
			path = Pods;
			sourceTree = "<group>";
		};
		9050451A27AA086F0076F340 = {
			isa = PBXGroup;
			children = (
				9050452527AA086F0076F340 /* MoodChecker */,
				9050452427AA086F0076F340 /* Products */,
				30C8019A42FDCE819092A2E7 /* Pods */,
				1AA6D882987941DBD2CB9CBD /* Frameworks */,
			);
			sourceTree = "<group>";
		};
		9050452427AA086F0076F340 /* Products */ = {
			isa = PBXGroup;
			children = (
				9050452327AA086F0076F340 /* MoodChecker.app */,
			);
			name = Products;
			sourceTree = "<group>";
		};
		9050452527AA086F0076F340 /* MoodChecker */ = {
			isa = PBXGroup;
			children = (
				9050452627AA086F0076F340 /* AppDelegate.swift */,
				9050452827AA086F0076F340 /* SceneDelegate.swift */,
				9050453D27AA24430076F340 /* Controllers */,
				9050454027AA28020076F340 /* Views */,
				9050453227AA08700076F340 /* Assets.xcassets */,
				9050453427AA08700076F340 /* LaunchScreen.storyboard */,
				9050453727AA08700076F340 /* Info.plist */,
				9050452F27AA086F0076F340 /* MoodChecker.xcdatamodeld */,
			);
			path = MoodChecker;
			sourceTree = "<group>";
		};
		9050453D27AA24430076F340 /* Controllers */ = {
			isa = PBXGroup;
			children = (
				9050452A27AA086F0076F340 /* StartViewController.swift */,
				9076C2FA27AA47C5006EFB44 /* MoodCheckViewController.swift */,
				9076C2FC27AA47E7006EFB44 /* GraphViewController.swift */,
			);
			path = Controllers;
			sourceTree = "<group>";
		};
		9050454027AA28020076F340 /* Views */ = {
			isa = PBXGroup;
			children = (
				9050452C27AA086F0076F340 /* Main.storyboard */,
			);
			path = Views;
			sourceTree = "<group>";
		};
/* End PBXGroup section */

/* Begin PBXNativeTarget section */
		9050452227AA086F0076F340 /* MoodChecker */ = {
			isa = PBXNativeTarget;
			buildConfigurationList = 9050453A27AA08700076F340 /* Build configuration list for PBXNativeTarget "MoodChecker" */;
			buildPhases = (
				1750AEFFF5107B4DFCC9E213 /* [CP] Check Pods Manifest.lock */,
				9050451F27AA086F0076F340 /* Sources */,
				9050452027AA086F0076F340 /* Frameworks */,
				9050452127AA086F0076F340 /* Resources */,
				FD593A1E0643A3A5F82CBADE /* [CP] Embed Pods Frameworks */,
			);
			buildRules = (
			);
			dependencies = (
			);
			name = MoodChecker;
			productName = MoodChecker;
			productReference = 9050452327AA086F0076F340 /* MoodChecker.app */;
			productType = "com.apple.product-type.application";
		};
/* End PBXNativeTarget section */

/* Begin PBXProject section */
		9050451B27AA086F0076F340 /* Project object */ = {
			isa = PBXProject;
			attributes = {
				BuildIndependentTargetsInParallel = 1;
				LastSwiftUpdateCheck = 1320;
				LastUpgradeCheck = 1320;
				TargetAttributes = {
					9050452227AA086F0076F340 = {
						CreatedOnToolsVersion = 13.2.1;
					};
				};
			};
			buildConfigurationList = 9050451E27AA086F0076F340 /* Build configuration list for PBXProject "MoodChecker" */;
			compatibilityVersion = "Xcode 13.0";
			developmentRegion = en;
			hasScannedForEncodings = 0;
			knownRegions = (
				en,
				Base,
			);
			mainGroup = 9050451A27AA086F0076F340;
			productRefGroup = 9050452427AA086F0076F340 /* Products */;
			projectDirPath = "";
			projectRoot = "";
			targets = (
				9050452227AA086F0076F340 /* MoodChecker */,
			);
		};
/* End PBXProject section */

/* Begin PBXResourcesBuildPhase section */
		9050452127AA086F0076F340 /* Resources */ = {
			isa = PBXResourcesBuildPhase;
			buildActionMask = 2147483647;
			files = (
				9050453627AA08700076F340 /* LaunchScreen.storyboard in Resources */,
				9050453327AA08700076F340 /* Assets.xcassets in Resources */,
				9050452E27AA086F0076F340 /* Main.storyboard in Resources */,
			);
			runOnlyForDeploymentPostprocessing = 0;
		};
/* End PBXResourcesBuildPhase section */

/* Begin PBXShellScriptBuildPhase section */
		1750AEFFF5107B4DFCC9E213 /* [CP] Check Pods Manifest.lock */ = {
			isa = PBXShellScriptBuildPhase;
			buildActionMask = 2147483647;
			files = (
			);
			inputFileListPaths = (
			);
			inputPaths = (
				"${PODS_PODFILE_DIR_PATH}/Podfile.lock",
				"${PODS_ROOT}/Manifest.lock",
			);
			name = "[CP] Check Pods Manifest.lock";
			outputFileListPaths = (
			);
			outputPaths = (
				"$(DERIVED_FILE_DIR)/Pods-MoodChecker-checkManifestLockResult.txt",
			);
			runOnlyForDeploymentPostprocessing = 0;
			shellPath = /bin/sh;
			shellScript = "diff \"${PODS_PODFILE_DIR_PATH}/Podfile.lock\" \"${PODS_ROOT}/Manifest.lock\" > /dev/null\nif [ $? != 0 ] ; then\n    # print error to STDERR\n    echo \"error: The sandbox is not in sync with the Podfile.lock. Run 'pod install' or update your CocoaPods installation.\" >&2\n    exit 1\nfi\n# This output is used by Xcode 'outputs' to avoid re-running this script phase.\necho \"SUCCESS\" > \"${SCRIPT_OUTPUT_FILE_0}\"\n";
			showEnvVarsInLog = 0;
		};
		FD593A1E0643A3A5F82CBADE /* [CP] Embed Pods Frameworks */ = {
			isa = PBXShellScriptBuildPhase;
			buildActionMask = 2147483647;
			files = (
			);
			inputFileListPaths = (
				"${PODS_ROOT}/Target Support Files/Pods-MoodChecker/Pods-MoodChecker-frameworks-${CONFIGURATION}-input-files.xcfilelist",
			);
			name = "[CP] Embed Pods Frameworks";
			outputFileListPaths = (
				"${PODS_ROOT}/Target Support Files/Pods-MoodChecker/Pods-MoodChecker-frameworks-${CONFIGURATION}-output-files.xcfilelist",
			);
			runOnlyForDeploymentPostprocessing = 0;
			shellPath = /bin/sh;
			shellScript = "\"${PODS_ROOT}/Target Support Files/Pods-MoodChecker/Pods-MoodChecker-frameworks.sh\"\n";
			showEnvVarsInLog = 0;
		};
/* End PBXShellScriptBuildPhase section */

/* Begin PBXSourcesBuildPhase section */
		9050451F27AA086F0076F340 /* Sources */ = {
			isa = PBXSourcesBuildPhase;
			buildActionMask = 2147483647;
			files = (
				9050453127AA086F0076F340 /* MoodChecker.xcdatamodeld in Sources */,
				9050452B27AA086F0076F340 /* StartViewController.swift in Sources */,
				9050452727AA086F0076F340 /* AppDelegate.swift in Sources */,
				9076C2FD27AA47E7006EFB44 /* GraphViewController.swift in Sources */,
				9076C2FB27AA47C5006EFB44 /* MoodCheckViewController.swift in Sources */,
				9050452927AA086F0076F340 /* SceneDelegate.swift in Sources */,
			);
			runOnlyForDeploymentPostprocessing = 0;
		};
/* End PBXSourcesBuildPhase section */

/* Begin PBXVariantGroup section */
		9050452C27AA086F0076F340 /* Main.storyboard */ = {
			isa = PBXVariantGroup;
			children = (
				9050452D27AA086F0076F340 /* Base */,
			);
			name = Main.storyboard;
			sourceTree = "<group>";
		};
		9050453427AA08700076F340 /* LaunchScreen.storyboard */ = {
			isa = PBXVariantGroup;
			children = (
				9050453527AA08700076F340 /* Base */,
			);
			name = LaunchScreen.storyboard;
			sourceTree = "<group>";
		};
/* End PBXVariantGroup section */

/* Begin XCBuildConfiguration section */
		9050453827AA08700076F340 /* Debug */ = {
			isa = XCBuildConfiguration;
			buildSettings = {
				ALWAYS_SEARCH_USER_PATHS = NO;
				CLANG_ANALYZER_NONNULL = YES;
				CLANG_ANALYZER_NUMBER_OBJECT_CONVERSION = YES_AGGRESSIVE;
				CLANG_CXX_LANGUAGE_STANDARD = "gnu++17";
				CLANG_CXX_LIBRARY = "libc++";
				CLANG_ENABLE_MODULES = YES;
				CLANG_ENABLE_OBJC_ARC = YES;
				CLANG_ENABLE_OBJC_WEAK = YES;
				CLANG_WARN_BLOCK_CAPTURE_AUTORELEASING = YES;
				CLANG_WARN_BOOL_CONVERSION = YES;
				CLANG_WARN_COMMA = YES;
				CLANG_WARN_CONSTANT_CONVERSION = YES;
				CLANG_WARN_DEPRECATED_OBJC_IMPLEMENTATIONS = YES;
				CLANG_WARN_DIRECT_OBJC_ISA_USAGE = YES_ERROR;
				CLANG_WARN_DOCUMENTATION_COMMENTS = YES;
				CLANG_WARN_EMPTY_BODY = YES;
				CLANG_WARN_ENUM_CONVERSION = YES;
				CLANG_WARN_INFINITE_RECURSION = YES;
				CLANG_WARN_INT_CONVERSION = YES;
				CLANG_WARN_NON_LITERAL_NULL_CONVERSION = YES;
				CLANG_WARN_OBJC_IMPLICIT_RETAIN_SELF = YES;
				CLANG_WARN_OBJC_LITERAL_CONVERSION = YES;
				CLANG_WARN_OBJC_ROOT_CLASS = YES_ERROR;
				CLANG_WARN_QUOTED_INCLUDE_IN_FRAMEWORK_HEADER = YES;
				CLANG_WARN_RANGE_LOOP_ANALYSIS = YES;
				CLANG_WARN_STRICT_PROTOTYPES = YES;
				CLANG_WARN_SUSPICIOUS_MOVE = YES;
				CLANG_WARN_UNGUARDED_AVAILABILITY = YES_AGGRESSIVE;
				CLANG_WARN_UNREACHABLE_CODE = YES;
				CLANG_WARN__DUPLICATE_METHOD_MATCH = YES;
				COPY_PHASE_STRIP = NO;
				DEBUG_INFORMATION_FORMAT = dwarf;
				ENABLE_STRICT_OBJC_MSGSEND = YES;
				ENABLE_TESTABILITY = YES;
				GCC_C_LANGUAGE_STANDARD = gnu11;
				GCC_DYNAMIC_NO_PIC = NO;
				GCC_NO_COMMON_BLOCKS = YES;
				GCC_OPTIMIZATION_LEVEL = 0;
				GCC_PREPROCESSOR_DEFINITIONS = (
					"DEBUG=1",
					"$(inherited)",
				);
				GCC_WARN_64_TO_32_BIT_CONVERSION = YES;
				GCC_WARN_ABOUT_RETURN_TYPE = YES_ERROR;
				GCC_WARN_UNDECLARED_SELECTOR = YES;
				GCC_WARN_UNINITIALIZED_AUTOS = YES_AGGRESSIVE;
				GCC_WARN_UNUSED_FUNCTION = YES;
				GCC_WARN_UNUSED_VARIABLE = YES;
				IPHONEOS_DEPLOYMENT_TARGET = 15.2;
				MTL_ENABLE_DEBUG_INFO = INCLUDE_SOURCE;
				MTL_FAST_MATH = YES;
				ONLY_ACTIVE_ARCH = YES;
				SDKROOT = iphoneos;
				SWIFT_ACTIVE_COMPILATION_CONDITIONS = DEBUG;
				SWIFT_OPTIMIZATION_LEVEL = "-Onone";
			};
			name = Debug;
		};
		9050453927AA08700076F340 /* Release */ = {
			isa = XCBuildConfiguration;
			buildSettings = {
				ALWAYS_SEARCH_USER_PATHS = NO;
				CLANG_ANALYZER_NONNULL = YES;
				CLANG_ANALYZER_NUMBER_OBJECT_CONVERSION = YES_AGGRESSIVE;
				CLANG_CXX_LANGUAGE_STANDARD = "gnu++17";
				CLANG_CXX_LIBRARY = "libc++";
				CLANG_ENABLE_MODULES = YES;
				CLANG_ENABLE_OBJC_ARC = YES;
				CLANG_ENABLE_OBJC_WEAK = YES;
				CLANG_WARN_BLOCK_CAPTURE_AUTORELEASING = YES;
				CLANG_WARN_BOOL_CONVERSION = YES;
				CLANG_WARN_COMMA = YES;
				CLANG_WARN_CONSTANT_CONVERSION = YES;
				CLANG_WARN_DEPRECATED_OBJC_IMPLEMENTATIONS = YES;
				CLANG_WARN_DIRECT_OBJC_ISA_USAGE = YES_ERROR;
				CLANG_WARN_DOCUMENTATION_COMMENTS = YES;
				CLANG_WARN_EMPTY_BODY = YES;
				CLANG_WARN_ENUM_CONVERSION = YES;
				CLANG_WARN_INFINITE_RECURSION = YES;
				CLANG_WARN_INT_CONVERSION = YES;
				CLANG_WARN_NON_LITERAL_NULL_CONVERSION = YES;
				CLANG_WARN_OBJC_IMPLICIT_RETAIN_SELF = YES;
				CLANG_WARN_OBJC_LITERAL_CONVERSION = YES;
				CLANG_WARN_OBJC_ROOT_CLASS = YES_ERROR;
				CLANG_WARN_QUOTED_INCLUDE_IN_FRAMEWORK_HEADER = YES;
				CLANG_WARN_RANGE_LOOP_ANALYSIS = YES;
				CLANG_WARN_STRICT_PROTOTYPES = YES;
				CLANG_WARN_SUSPICIOUS_MOVE = YES;
				CLANG_WARN_UNGUARDED_AVAILABILITY = YES_AGGRESSIVE;
				CLANG_WARN_UNREACHABLE_CODE = YES;
				CLANG_WARN__DUPLICATE_METHOD_MATCH = YES;
				COPY_PHASE_STRIP = NO;
				DEBUG_INFORMATION_FORMAT = "dwarf-with-dsym";
				ENABLE_NS_ASSERTIONS = NO;
				ENABLE_STRICT_OBJC_MSGSEND = YES;
				GCC_C_LANGUAGE_STANDARD = gnu11;
				GCC_NO_COMMON_BLOCKS = YES;
				GCC_WARN_64_TO_32_BIT_CONVERSION = YES;
				GCC_WARN_ABOUT_RETURN_TYPE = YES_ERROR;
				GCC_WARN_UNDECLARED_SELECTOR = YES;
				GCC_WARN_UNINITIALIZED_AUTOS = YES_AGGRESSIVE;
				GCC_WARN_UNUSED_FUNCTION = YES;
				GCC_WARN_UNUSED_VARIABLE = YES;
				IPHONEOS_DEPLOYMENT_TARGET = 15.2;
				MTL_ENABLE_DEBUG_INFO = NO;
				MTL_FAST_MATH = YES;
				SDKROOT = iphoneos;
				SWIFT_COMPILATION_MODE = wholemodule;
				SWIFT_OPTIMIZATION_LEVEL = "-O";
				VALIDATE_PRODUCT = YES;
			};
			name = Release;
		};
		9050453B27AA08700076F340 /* Debug */ = {
			isa = XCBuildConfiguration;
			baseConfigurationReference = 84C9FAFC01B74869A6E0DD81 /* Pods-MoodChecker.debug.xcconfig */;
			buildSettings = {
				ASSETCATALOG_COMPILER_APPICON_NAME = AppIcon;
				ASSETCATALOG_COMPILER_GLOBAL_ACCENT_COLOR_NAME = AccentColor;
				CODE_SIGN_STYLE = Automatic;
				CURRENT_PROJECT_VERSION = 1;
				DEVELOPMENT_TEAM = X3J56MTC6Q;
				GENERATE_INFOPLIST_FILE = YES;
				INFOPLIST_FILE = MoodChecker/Info.plist;
				INFOPLIST_KEY_UIApplicationSupportsIndirectInputEvents = YES;
				INFOPLIST_KEY_UILaunchStoryboardName = LaunchScreen;
				INFOPLIST_KEY_UIMainStoryboardFile = Main;
				INFOPLIST_KEY_UISupportedInterfaceOrientations_iPad = "UIInterfaceOrientationPortrait UIInterfaceOrientationPortraitUpsideDown UIInterfaceOrientationLandscapeLeft UIInterfaceOrientationLandscapeRight";
				INFOPLIST_KEY_UISupportedInterfaceOrientations_iPhone = "UIInterfaceOrientationPortrait UIInterfaceOrientationLandscapeLeft UIInterfaceOrientationLandscapeRight";
				LD_RUNPATH_SEARCH_PATHS = (
					"$(inherited)",
					"@executable_path/Frameworks",
				);
				MARKETING_VERSION = 1.0;
				PRODUCT_BUNDLE_IDENTIFIER = com.benedtech.MoodChecker;
				PRODUCT_NAME = "$(TARGET_NAME)";
				SWIFT_EMIT_LOC_STRINGS = YES;
				SWIFT_VERSION = 5.0;
				TARGETED_DEVICE_FAMILY = "1,2";
			};
			name = Debug;
		};
		9050453C27AA08700076F340 /* Release */ = {
			isa = XCBuildConfiguration;
			baseConfigurationReference = 87A2669D731677C5021CE179 /* Pods-MoodChecker.release.xcconfig */;
			buildSettings = {
				ASSETCATALOG_COMPILER_APPICON_NAME = AppIcon;
				ASSETCATALOG_COMPILER_GLOBAL_ACCENT_COLOR_NAME = AccentColor;
				CODE_SIGN_STYLE = Automatic;
				CURRENT_PROJECT_VERSION = 1;
				DEVELOPMENT_TEAM = X3J56MTC6Q;
				GENERATE_INFOPLIST_FILE = YES;
				INFOPLIST_FILE = MoodChecker/Info.plist;
				INFOPLIST_KEY_UIApplicationSupportsIndirectInputEvents = YES;
				INFOPLIST_KEY_UILaunchStoryboardName = LaunchScreen;
				INFOPLIST_KEY_UIMainStoryboardFile = Main;
				INFOPLIST_KEY_UISupportedInterfaceOrientations_iPad = "UIInterfaceOrientationPortrait UIInterfaceOrientationPortraitUpsideDown UIInterfaceOrientationLandscapeLeft UIInterfaceOrientationLandscapeRight";
				INFOPLIST_KEY_UISupportedInterfaceOrientations_iPhone = "UIInterfaceOrientationPortrait UIInterfaceOrientationLandscapeLeft UIInterfaceOrientationLandscapeRight";
				LD_RUNPATH_SEARCH_PATHS = (
					"$(inherited)",
					"@executable_path/Frameworks",
				);
				MARKETING_VERSION = 1.0;
				PRODUCT_BUNDLE_IDENTIFIER = com.benedtech.MoodChecker;
				PRODUCT_NAME = "$(TARGET_NAME)";
				SWIFT_EMIT_LOC_STRINGS = YES;
				SWIFT_VERSION = 5.0;
				TARGETED_DEVICE_FAMILY = "1,2";
			};
			name = Release;
		};
/* End XCBuildConfiguration section */

/* Begin XCConfigurationList section */
		9050451E27AA086F0076F340 /* Build configuration list for PBXProject "MoodChecker" */ = {
			isa = XCConfigurationList;
			buildConfigurations = (
				9050453827AA08700076F340 /* Debug */,
				9050453927AA08700076F340 /* Release */,
			);
			defaultConfigurationIsVisible = 0;
			defaultConfigurationName = Release;
		};
		9050453A27AA08700076F340 /* Build configuration list for PBXNativeTarget "MoodChecker" */ = {
			isa = XCConfigurationList;
			buildConfigurations = (
				9050453B27AA08700076F340 /* Debug */,
				9050453C27AA08700076F340 /* Release */,
			);
			defaultConfigurationIsVisible = 0;
			defaultConfigurationName = Release;
		};
/* End XCConfigurationList section */

/* Begin XCVersionGroup section */
		9050452F27AA086F0076F340 /* MoodChecker.xcdatamodeld */ = {
			isa = XCVersionGroup;
			children = (
				9050453027AA086F0076F340 /* MoodChecker.xcdatamodel */,
			);
			currentVersion = 9050453027AA086F0076F340 /* MoodChecker.xcdatamodel */;
			path = MoodChecker.xcdatamodeld;
			sourceTree = "<group>";
			versionGroupType = wrapper.xcdatamodel;
		};
/* End XCVersionGroup section */
	};
	rootObject = 9050451B27AA086F0076F340 /* Project object */;
}
